
Microsoft Visual Studio Solution File, Format Version 11.00
# Visual Studio 2010
Project("{FAE04EC0-301F-11D3-BF4B-00C04F79EFBC}") = "Game", "Game\Game.csproj", "{0328FCE0-B84B-4B43-842C-4415FBDDC651}"
EndProject
Project("{FAE04EC0-301F-11D3-BF4B-00C04F79EFBC}") = "Editor", "Editor\Editor.csproj", "{6BEB3135-C6D1-4BA0-9968-6FC9845DFBF0}"
	ProjectSection(ProjectDependencies) = postProject
		{0328FCE0-B84B-4B43-842C-4415FBDDC651} = {0328FCE0-B84B-4B43-842C-4415FBDDC651}
	EndProjectSection
EndProject
Project("{FAE04EC0-301F-11D3-BF4B-00C04F79EFBC}") = "Settings", "Settings\Settings.csproj", "{7C603F3B-3812-441C-8B1C-A406E15EC8E0}"
EndProject
Project("{FAE04EC0-301F-11D3-BF4B-00C04F79EFBC}") = "World", "World\World.csproj", "{600D2C39-1505-400A-BFB7-C052673BBCDF}"
EndProject
Project("{FAE04EC0-301F-11D3-BF4B-00C04F79EFBC}") = "Test.World", "Test.World\Test.World.csproj", "{D845823F-C516-4DB6-86D3-1AD35717D33A}"
EndProject
Project("{FAE04EC0-301F-11D3-BF4B-00C04F79EFBC}") = "Presentation", "Presentation\Presentation.csproj", "{885B34B0-68FD-4725-BC55-25C10991F962}"
EndProject
Global
	GlobalSection(SolutionConfigurationPlatforms) = preSolution
		Debug|Win32 = Debug|Win32
		Release|Win32 = Release|Win32
	EndGlobalSection
	GlobalSection(ProjectConfigurationPlatforms) = postSolution
		{0328FCE0-B84B-4B43-842C-4415FBDDC651}.Debug|Win32.ActiveCfg = Debug|x86
		{0328FCE0-B84B-4B43-842C-4415FBDDC651}.Debug|Win32.Build.0 = Debug|x86
		{0328FCE0-B84B-4B43-842C-4415FBDDC651}.Release|Win32.ActiveCfg = Release|x86
		{0328FCE0-B84B-4B43-842C-4415FBDDC651}.Release|Win32.Build.0 = Release|x86
		{6BEB3135-C6D1-4BA0-9968-6FC9845DFBF0}.Debug|Win32.ActiveCfg = Debug|x86
		{6BEB3135-C6D1-4BA0-9968-6FC9845DFBF0}.Debug|Win32.Build.0 = Debug|x86
		{6BEB3135-C6D1-4BA0-9968-6FC9845DFBF0}.Release|Win32.ActiveCfg = Release|x86
		{6BEB3135-C6D1-4BA0-9968-6FC9845DFBF0}.Release|Win32.Build.0 = Release|x86
		{7C603F3B-3812-441C-8B1C-A406E15EC8E0}.Debug|Win32.ActiveCfg = Debug|x86
		{7C603F3B-3812-441C-8B1C-A406E15EC8E0}.Debug|Win32.Build.0 = Debug|x86
		{7C603F3B-3812-441C-8B1C-A406E15EC8E0}.Release|Win32.ActiveCfg = Release|x86
		{7C603F3B-3812-441C-8B1C-A406E15EC8E0}.Release|Win32.Build.0 = Release|x86
		{600D2C39-1505-400A-BFB7-C052673BBCDF}.Debug|Win32.ActiveCfg = Debug|x86
		{600D2C39-1505-400A-BFB7-C052673BBCDF}.Debug|Win32.Build.0 = Debug|x86
		{600D2C39-1505-400A-BFB7-C052673BBCDF}.Release|Win32.ActiveCfg = Release|x86
		{600D2C39-1505-400A-BFB7-C052673BBCDF}.Release|Win32.Build.0 = Release|x86
		{D845823F-C516-4DB6-86D3-1AD35717D33A}.Debug|Win32.ActiveCfg = Debug|Any CPU
		{D845823F-C516-4DB6-86D3-1AD35717D33A}.Debug|Win32.Build.0 = Debug|Any CPU
		{D845823F-C516-4DB6-86D3-1AD35717D33A}.Release|Win32.ActiveCfg = Release|Any CPU
		{885B34B0-68FD-4725-BC55-25C10991F962}.Debug|Win32.ActiveCfg = Debug|x86
		{885B34B0-68FD-4725-BC55-25C10991F962}.Debug|Win32.Build.0 = Debug|x86
		{885B34B0-68FD-4725-BC55-25C10991F962}.Release|Win32.ActiveCfg = Release|x86
		{885B34B0-68FD-4725-BC55-25C10991F962}.Release|Win32.Build.0 = Release|x86
	EndGlobalSection
	GlobalSection(SolutionProperties) = preSolution
		HideSolutionNode = FALSE
	EndGlobalSection
EndGlobal
