
Microsoft Visual Studio Solution File, Format Version 11.00
# Visual Studio 2010
Project("{FAE04EC0-301F-11D3-BF4B-00C04F79EFBC}") = "Hanoi", "Hanoi.csproj", "{71AB340A-F36F-11E0-BCFB-1DED4724019B}"
EndProject
Global
	GlobalSection(SolutionConfigurationPlatforms) = preSolution
		Debug|Win32 = Debug|Win32
		Release|Win32 = Release|Win32
	EndGlobalSection
	GlobalSection(ProjectConfigurationPlatforms) = postSolution
		{71AB340A-F36F-11E0-BCFB-1DED4724019B}.Debug|Win32.ActiveCfg = Debug|x86
		{71AB340A-F36F-11E0-BCFB-1DED4724019B}.Debug|Win32.Build.0 = Debug|x86
		{71AB340A-F36F-11E0-BCFB-1DED4724019B}.Release|Win32.ActiveCfg = Release|x86
		{71AB340A-F36F-11E0-BCFB-1DED4724019B}.Release|Win32.Build.0 = Release|x86
	EndGlobalSection
	GlobalSection(SolutionProperties) = preSolution
		HideSolutionNode = FALSE
	EndGlobalSection
EndGlobal
