<Solution>
  <Configurations>
    <Platform Name="x86" />
  </Configurations>
  <Project Path="Editor\Editor.csproj" />
  <Project Path="Game\Game.csproj" />
  <Project Path="Presentation\Presentation.csproj" />
  <Project Path="World\World.csproj" />
  <Folder Name="/_Shared/">
    <File Path="Directory.Build.props" />
  </Folder>
</Solution>
