
Microsoft Visual Studio Solution File, Format Version 12.00
# Visual Studio 2013
MinimumVisualStudioVersion = 10.0.40219.1
Project("{FAE04EC0-301F-11D3-BF4B-00C04F79EFBC}") = "WinForms", "WinForms\WinForms.csproj", "{D85E43B0-1403-45D8-9240-DC22899755CB}"
EndProject
Project("{FAE04EC0-301F-11D3-BF4B-00C04F79EFBC}") = "Fullscreen", "Fullscreen\Fullscreen.csproj", "{107BAC7B-4C15-4EDC-B10B-5D2B30CD9A08}"
EndProject
Project("{2150E333-8FDC-42A3-9474-1A3956D46DE8}") = "AlphaFramework", "AlphaFramework", "{9FC62E66-654D-4A6D-92C1-32F060FB835B}"
EndProject
Project("{FAE04EC0-301F-11D3-BF4B-00C04F79EFBC}") = "Game", "AlphaFramework\Game\Game.csproj", "{19520761-2893-4C0D-A678-8E0A4C331E85}"
EndProject
Project("{FAE04EC0-301F-11D3-BF4B-00C04F79EFBC}") = "Editor", "AlphaFramework\Editor\Editor.csproj", "{A1BE169C-E337-49BB-BC6D-4B09714B062C}"
EndProject
Project("{FAE04EC0-301F-11D3-BF4B-00C04F79EFBC}") = "Presentation", "AlphaFramework\Presentation\Presentation.csproj", "{64713110-A1B7-4B42-8D97-1D78382867DE}"
EndProject
Project("{FAE04EC0-301F-11D3-BF4B-00C04F79EFBC}") = "World", "AlphaFramework\World\World.csproj", "{0191FFF5-A93B-47A8-8896-FC9CFF392464}"
EndProject
Global
	GlobalSection(SolutionConfigurationPlatforms) = preSolution
		Debug|x86 = Debug|x86
		Release|x86 = Release|x86
	EndGlobalSection
	GlobalSection(ProjectConfigurationPlatforms) = postSolution
		{D85E43B0-1403-45D8-9240-DC22899755CB}.Debug|x86.ActiveCfg = Debug|x86
		{D85E43B0-1403-45D8-9240-DC22899755CB}.Debug|x86.Build.0 = Debug|x86
		{D85E43B0-1403-45D8-9240-DC22899755CB}.Release|x86.ActiveCfg = Release|x86
		{D85E43B0-1403-45D8-9240-DC22899755CB}.Release|x86.Build.0 = Release|x86
		{107BAC7B-4C15-4EDC-B10B-5D2B30CD9A08}.Debug|x86.ActiveCfg = Debug|x86
		{107BAC7B-4C15-4EDC-B10B-5D2B30CD9A08}.Debug|x86.Build.0 = Debug|x86
		{107BAC7B-4C15-4EDC-B10B-5D2B30CD9A08}.Release|x86.ActiveCfg = Release|x86
		{107BAC7B-4C15-4EDC-B10B-5D2B30CD9A08}.Release|x86.Build.0 = Release|x86
		{19520761-2893-4C0D-A678-8E0A4C331E85}.Debug|x86.ActiveCfg = Debug|x86
		{19520761-2893-4C0D-A678-8E0A4C331E85}.Debug|x86.Build.0 = Debug|x86
		{19520761-2893-4C0D-A678-8E0A4C331E85}.Release|x86.ActiveCfg = Release|x86
		{19520761-2893-4C0D-A678-8E0A4C331E85}.Release|x86.Build.0 = Release|x86
		{A1BE169C-E337-49BB-BC6D-4B09714B062C}.Debug|x86.ActiveCfg = Debug|x86
		{A1BE169C-E337-49BB-BC6D-4B09714B062C}.Debug|x86.Build.0 = Debug|x86
		{A1BE169C-E337-49BB-BC6D-4B09714B062C}.Release|x86.ActiveCfg = Release|x86
		{A1BE169C-E337-49BB-BC6D-4B09714B062C}.Release|x86.Build.0 = Release|x86
		{64713110-A1B7-4B42-8D97-1D78382867DE}.Debug|x86.ActiveCfg = Debug|x86
		{64713110-A1B7-4B42-8D97-1D78382867DE}.Debug|x86.Build.0 = Debug|x86
		{64713110-A1B7-4B42-8D97-1D78382867DE}.Release|x86.ActiveCfg = Release|x86
		{64713110-A1B7-4B42-8D97-1D78382867DE}.Release|x86.Build.0 = Release|x86
		{0191FFF5-A93B-47A8-8896-FC9CFF392464}.Debug|x86.ActiveCfg = Debug|x86
		{0191FFF5-A93B-47A8-8896-FC9CFF392464}.Debug|x86.Build.0 = Debug|x86
		{0191FFF5-A93B-47A8-8896-FC9CFF392464}.Release|x86.ActiveCfg = Release|x86
		{0191FFF5-A93B-47A8-8896-FC9CFF392464}.Release|x86.Build.0 = Release|x86
	EndGlobalSection
	GlobalSection(SolutionProperties) = preSolution
		HideSolutionNode = FALSE
	EndGlobalSection
	GlobalSection(NestedProjects) = preSolution
		{19520761-2893-4C0D-A678-8E0A4C331E85} = {9FC62E66-654D-4A6D-92C1-32F060FB835B}
		{A1BE169C-E337-49BB-BC6D-4B09714B062C} = {9FC62E66-654D-4A6D-92C1-32F060FB835B}
		{64713110-A1B7-4B42-8D97-1D78382867DE} = {9FC62E66-654D-4A6D-92C1-32F060FB835B}
		{0191FFF5-A93B-47A8-8896-FC9CFF392464} = {9FC62E66-654D-4A6D-92C1-32F060FB835B}
	EndGlobalSection
EndGlobal
