
Microsoft Visual Studio Solution File, Format Version 11.00
# Visual Studio 2010
Project("{2150E333-8FDC-42A3-9474-1A3956D46DE8}") = "TerrainSample", "TerrainSample", "{4BF4ECB6-3641-4101-A217-DC0ADE512103}"
EndProject
Project("{FAE04EC0-301F-11D3-BF4B-00C04F79EFBC}") = "Game", "TerrainSample\Game\Game.csproj", "{9D104552-0123-4EB6-9DEA-845C0B95A4FA}"
EndProject
Project("{FAE04EC0-301F-11D3-BF4B-00C04F79EFBC}") = "Editor", "TerrainSample\Editor\Editor.csproj", "{ADBA7A08-3121-4F27-8893-6CD7093743B2}"
	ProjectSection(ProjectDependencies) = postProject
		{9D104552-0123-4EB6-9DEA-845C0B95A4FA} = {9D104552-0123-4EB6-9DEA-845C0B95A4FA}
	EndProjectSection
EndProject
Project("{FAE04EC0-301F-11D3-BF4B-00C04F79EFBC}") = "Settings", "TerrainSample\Settings\Settings.csproj", "{F6E7F86F-E69C-4F5B-BBCE-DD81D2A8E824}"
EndProject
Project("{FAE04EC0-301F-11D3-BF4B-00C04F79EFBC}") = "World", "TerrainSample\World\World.csproj", "{3EA8E61B-A309-4862-B4B1-7C67537C52A6}"
EndProject
Project("{FAE04EC0-301F-11D3-BF4B-00C04F79EFBC}") = "Test.World", "TerrainSample\Test.World\Test.World.csproj", "{39540BF8-E6E3-4197-A129-2C849C40121A}"
EndProject
Project("{FAE04EC0-301F-11D3-BF4B-00C04F79EFBC}") = "Presentation", "TerrainSample\Presentation\Presentation.csproj", "{CC40CE7F-892A-42F8-B289-52ACF2C73865}"
EndProject
Project("{2150E333-8FDC-42A3-9474-1A3956D46DE8}") = "SpaceSample", "SpaceSample", "{191F80F8-8F14-4001-8FEF-1723E7B61098}"
EndProject
Project("{FAE04EC0-301F-11D3-BF4B-00C04F79EFBC}") = "Game", "SpaceSample\Game\Game.csproj", "{0328FCE0-B84B-4B43-842C-4415FBDDC651}"
EndProject
Project("{FAE04EC0-301F-11D3-BF4B-00C04F79EFBC}") = "Editor", "SpaceSample\Editor\Editor.csproj", "{6BEB3135-C6D1-4BA0-9968-6FC9845DFBF0}"
	ProjectSection(ProjectDependencies) = postProject
		{0328FCE0-B84B-4B43-842C-4415FBDDC651} = {0328FCE0-B84B-4B43-842C-4415FBDDC651}
	EndProjectSection
EndProject
Project("{FAE04EC0-301F-11D3-BF4B-00C04F79EFBC}") = "Settings", "SpaceSample\Settings\Settings.csproj", "{7C603F3B-3812-441C-8B1C-A406E15EC8E0}"
EndProject
Project("{FAE04EC0-301F-11D3-BF4B-00C04F79EFBC}") = "World", "SpaceSample\World\World.csproj", "{600D2C39-1505-400A-BFB7-C052673BBCDF}"
EndProject
Project("{FAE04EC0-301F-11D3-BF4B-00C04F79EFBC}") = "Test.World", "SpaceSample\Test.World\Test.World.csproj", "{D845823F-C516-4DB6-86D3-1AD35717D33A}"
EndProject
Project("{FAE04EC0-301F-11D3-BF4B-00C04F79EFBC}") = "Presentation", "SpaceSample\Presentation\Presentation.csproj", "{885B34B0-68FD-4725-BC55-25C10991F962}"
EndProject
Project("{2150E333-8FDC-42A3-9474-1A3956D46DE8}") = "Omega", "Omega", "{C24FB251-4A7D-452B-B3D9-5CB640B261B9}"
EndProject
Project("{FAE04EC0-301F-11D3-BF4B-00C04F79EFBC}") = "Common", "Omega\Common\Common.csproj", "{81AF4FA5-44F7-4010-8769-B85B8B542FA2}"
EndProject
Project("{FAE04EC0-301F-11D3-BF4B-00C04F79EFBC}") = "Test.Common", "Omega\Test.Common\Test.Common.csproj", "{CA9D6092-4365-4385-9700-9570A98EF09D}"
EndProject
Project("{FAE04EC0-301F-11D3-BF4B-00C04F79EFBC}") = "Engine", "Omega\Engine\Engine.csproj", "{14E9FED0-4989-482D-85DE-448161A6855E}"
EndProject
Project("{FAE04EC0-301F-11D3-BF4B-00C04F79EFBC}") = "GUI", "Omega\GUI\GUI.csproj", "{0B5E032B-E8DE-41EB-B66D-6DFD25F9F6E9}"
EndProject
Project("{FAE04EC0-301F-11D3-BF4B-00C04F79EFBC}") = "Editor", "Omega\Editor\Editor.csproj", "{5920CFE3-10CE-4C49-90A6-CE59A8A62EEE}"
EndProject
Project("{FAE04EC0-301F-11D3-BF4B-00C04F79EFBC}") = "Hanoi", "Hanoi\Hanoi.csproj", "{71AB340A-F36F-11E0-BCFB-1DED4724019B}"
EndProject
Project("{F088123C-0E9E-452A-89E6-6BA2F21D5CAC}") = "Modeling", "Modeling\Modeling.modelproj", "{26492A60-344C-46FA-85E4-D980A359F3C5}"
EndProject
Global
	GlobalSection(SubversionScc) = preSolution
		Svn-Managed = True
		Manager = AnkhSVN - Subversion Support for Visual Studio
	EndGlobalSection
	GlobalSection(SolutionConfigurationPlatforms) = preSolution
		Debug|Win32 = Debug|Win32
		Release|Win32 = Release|Win32
		ReleaseSDK|Win32 = ReleaseSDK|Win32
	EndGlobalSection
	GlobalSection(ProjectConfigurationPlatforms) = postSolution
		{9D104552-0123-4EB6-9DEA-845C0B95A4FA}.Debug|Win32.ActiveCfg = Debug|x86
		{9D104552-0123-4EB6-9DEA-845C0B95A4FA}.Debug|Win32.Build.0 = Debug|x86
		{9D104552-0123-4EB6-9DEA-845C0B95A4FA}.Release|Win32.ActiveCfg = Release|x86
		{9D104552-0123-4EB6-9DEA-845C0B95A4FA}.Release|Win32.Build.0 = Release|x86
		{9D104552-0123-4EB6-9DEA-845C0B95A4FA}.ReleaseSDK|Win32.ActiveCfg = Release|x86
		{ADBA7A08-3121-4F27-8893-6CD7093743B2}.Debug|Win32.ActiveCfg = Debug|x86
		{ADBA7A08-3121-4F27-8893-6CD7093743B2}.Debug|Win32.Build.0 = Debug|x86
		{ADBA7A08-3121-4F27-8893-6CD7093743B2}.Release|Win32.ActiveCfg = Release|x86
		{ADBA7A08-3121-4F27-8893-6CD7093743B2}.Release|Win32.Build.0 = Release|x86
		{ADBA7A08-3121-4F27-8893-6CD7093743B2}.ReleaseSDK|Win32.ActiveCfg = Release|x86
		{F6E7F86F-E69C-4F5B-BBCE-DD81D2A8E824}.Debug|Win32.ActiveCfg = Debug|x86
		{F6E7F86F-E69C-4F5B-BBCE-DD81D2A8E824}.Debug|Win32.Build.0 = Debug|x86
		{F6E7F86F-E69C-4F5B-BBCE-DD81D2A8E824}.Release|Win32.ActiveCfg = Release|x86
		{F6E7F86F-E69C-4F5B-BBCE-DD81D2A8E824}.Release|Win32.Build.0 = Release|x86
		{F6E7F86F-E69C-4F5B-BBCE-DD81D2A8E824}.ReleaseSDK|Win32.ActiveCfg = Release|x86
		{3EA8E61B-A309-4862-B4B1-7C67537C52A6}.Debug|Win32.ActiveCfg = Debug|x86
		{3EA8E61B-A309-4862-B4B1-7C67537C52A6}.Debug|Win32.Build.0 = Debug|x86
		{3EA8E61B-A309-4862-B4B1-7C67537C52A6}.Release|Win32.ActiveCfg = Release|x86
		{3EA8E61B-A309-4862-B4B1-7C67537C52A6}.Release|Win32.Build.0 = Release|x86
		{3EA8E61B-A309-4862-B4B1-7C67537C52A6}.ReleaseSDK|Win32.ActiveCfg = Release|x86
		{39540BF8-E6E3-4197-A129-2C849C40121A}.Debug|Win32.ActiveCfg = Debug|x86
		{39540BF8-E6E3-4197-A129-2C849C40121A}.Debug|Win32.Build.0 = Debug|x86
		{39540BF8-E6E3-4197-A129-2C849C40121A}.Release|Win32.ActiveCfg = Release|x86
		{39540BF8-E6E3-4197-A129-2C849C40121A}.ReleaseSDK|Win32.ActiveCfg = Release|x86
		{CC40CE7F-892A-42F8-B289-52ACF2C73865}.Debug|Win32.ActiveCfg = Debug|x86
		{CC40CE7F-892A-42F8-B289-52ACF2C73865}.Debug|Win32.Build.0 = Debug|x86
		{CC40CE7F-892A-42F8-B289-52ACF2C73865}.Release|Win32.ActiveCfg = Release|x86
		{CC40CE7F-892A-42F8-B289-52ACF2C73865}.Release|Win32.Build.0 = Release|x86
		{CC40CE7F-892A-42F8-B289-52ACF2C73865}.ReleaseSDK|Win32.ActiveCfg = Release|x86
		{0328FCE0-B84B-4B43-842C-4415FBDDC651}.Debug|Win32.ActiveCfg = Debug|x86
		{0328FCE0-B84B-4B43-842C-4415FBDDC651}.Debug|Win32.Build.0 = Debug|x86
		{0328FCE0-B84B-4B43-842C-4415FBDDC651}.Release|Win32.ActiveCfg = Release|x86
		{0328FCE0-B84B-4B43-842C-4415FBDDC651}.Release|Win32.Build.0 = Release|x86
		{0328FCE0-B84B-4B43-842C-4415FBDDC651}.ReleaseSDK|Win32.ActiveCfg = Release|x86
		{6BEB3135-C6D1-4BA0-9968-6FC9845DFBF0}.Debug|Win32.ActiveCfg = Debug|x86
		{6BEB3135-C6D1-4BA0-9968-6FC9845DFBF0}.Debug|Win32.Build.0 = Debug|x86
		{6BEB3135-C6D1-4BA0-9968-6FC9845DFBF0}.Release|Win32.ActiveCfg = Release|x86
		{6BEB3135-C6D1-4BA0-9968-6FC9845DFBF0}.Release|Win32.Build.0 = Release|x86
		{6BEB3135-C6D1-4BA0-9968-6FC9845DFBF0}.ReleaseSDK|Win32.ActiveCfg = Release|x86
		{7C603F3B-3812-441C-8B1C-A406E15EC8E0}.Debug|Win32.ActiveCfg = Debug|x86
		{7C603F3B-3812-441C-8B1C-A406E15EC8E0}.Debug|Win32.Build.0 = Debug|x86
		{7C603F3B-3812-441C-8B1C-A406E15EC8E0}.Release|Win32.ActiveCfg = Release|x86
		{7C603F3B-3812-441C-8B1C-A406E15EC8E0}.Release|Win32.Build.0 = Release|x86
		{7C603F3B-3812-441C-8B1C-A406E15EC8E0}.ReleaseSDK|Win32.ActiveCfg = Release|x86
		{600D2C39-1505-400A-BFB7-C052673BBCDF}.Debug|Win32.ActiveCfg = Debug|x86
		{600D2C39-1505-400A-BFB7-C052673BBCDF}.Debug|Win32.Build.0 = Debug|x86
		{600D2C39-1505-400A-BFB7-C052673BBCDF}.Release|Win32.ActiveCfg = Release|x86
		{600D2C39-1505-400A-BFB7-C052673BBCDF}.Release|Win32.Build.0 = Release|x86
		{600D2C39-1505-400A-BFB7-C052673BBCDF}.ReleaseSDK|Win32.ActiveCfg = Release|x86
		{D845823F-C516-4DB6-86D3-1AD35717D33A}.Debug|Win32.ActiveCfg = Debug|x86
		{D845823F-C516-4DB6-86D3-1AD35717D33A}.Debug|Win32.Build.0 = Debug|x86
		{D845823F-C516-4DB6-86D3-1AD35717D33A}.Release|Win32.ActiveCfg = Release|x86
		{D845823F-C516-4DB6-86D3-1AD35717D33A}.ReleaseSDK|Win32.ActiveCfg = Release|x86
		{885B34B0-68FD-4725-BC55-25C10991F962}.Debug|Win32.ActiveCfg = Debug|x86
		{885B34B0-68FD-4725-BC55-25C10991F962}.Debug|Win32.Build.0 = Debug|x86
		{885B34B0-68FD-4725-BC55-25C10991F962}.Release|Win32.ActiveCfg = Release|x86
		{885B34B0-68FD-4725-BC55-25C10991F962}.Release|Win32.Build.0 = Release|x86
		{885B34B0-68FD-4725-BC55-25C10991F962}.ReleaseSDK|Win32.ActiveCfg = Release|x86
		{81AF4FA5-44F7-4010-8769-B85B8B542FA2}.Debug|Win32.ActiveCfg = Debug|x86
		{81AF4FA5-44F7-4010-8769-B85B8B542FA2}.Debug|Win32.Build.0 = Debug|x86
		{81AF4FA5-44F7-4010-8769-B85B8B542FA2}.Release|Win32.ActiveCfg = Release|x86
		{81AF4FA5-44F7-4010-8769-B85B8B542FA2}.Release|Win32.Build.0 = Release|x86
		{81AF4FA5-44F7-4010-8769-B85B8B542FA2}.ReleaseSDK|Win32.ActiveCfg = ReleaseSDK|x86
		{81AF4FA5-44F7-4010-8769-B85B8B542FA2}.ReleaseSDK|Win32.Build.0 = ReleaseSDK|x86
		{CA9D6092-4365-4385-9700-9570A98EF09D}.Debug|Win32.ActiveCfg = Debug|x86
		{CA9D6092-4365-4385-9700-9570A98EF09D}.Debug|Win32.Build.0 = Debug|x86
		{CA9D6092-4365-4385-9700-9570A98EF09D}.Release|Win32.ActiveCfg = Release|x86
		{CA9D6092-4365-4385-9700-9570A98EF09D}.ReleaseSDK|Win32.ActiveCfg = Release|x86
		{14E9FED0-4989-482D-85DE-448161A6855E}.Debug|Win32.ActiveCfg = Debug|x86
		{14E9FED0-4989-482D-85DE-448161A6855E}.Debug|Win32.Build.0 = Debug|x86
		{14E9FED0-4989-482D-85DE-448161A6855E}.Release|Win32.ActiveCfg = Release|x86
		{14E9FED0-4989-482D-85DE-448161A6855E}.Release|Win32.Build.0 = Release|x86
		{14E9FED0-4989-482D-85DE-448161A6855E}.ReleaseSDK|Win32.ActiveCfg = ReleaseSDK|x86
		{14E9FED0-4989-482D-85DE-448161A6855E}.ReleaseSDK|Win32.Build.0 = ReleaseSDK|x86
		{0B5E032B-E8DE-41EB-B66D-6DFD25F9F6E9}.Debug|Win32.ActiveCfg = Debug|x86
		{0B5E032B-E8DE-41EB-B66D-6DFD25F9F6E9}.Debug|Win32.Build.0 = Debug|x86
		{0B5E032B-E8DE-41EB-B66D-6DFD25F9F6E9}.Release|Win32.ActiveCfg = Release|x86
		{0B5E032B-E8DE-41EB-B66D-6DFD25F9F6E9}.Release|Win32.Build.0 = Release|x86
		{0B5E032B-E8DE-41EB-B66D-6DFD25F9F6E9}.ReleaseSDK|Win32.ActiveCfg = ReleaseSDK|x86
		{0B5E032B-E8DE-41EB-B66D-6DFD25F9F6E9}.ReleaseSDK|Win32.Build.0 = ReleaseSDK|x86
		{5920CFE3-10CE-4C49-90A6-CE59A8A62EEE}.Debug|Win32.ActiveCfg = Debug|x86
		{5920CFE3-10CE-4C49-90A6-CE59A8A62EEE}.Debug|Win32.Build.0 = Debug|x86
		{5920CFE3-10CE-4C49-90A6-CE59A8A62EEE}.Release|Win32.ActiveCfg = Release|x86
		{5920CFE3-10CE-4C49-90A6-CE59A8A62EEE}.Release|Win32.Build.0 = Release|x86
		{5920CFE3-10CE-4C49-90A6-CE59A8A62EEE}.ReleaseSDK|Win32.ActiveCfg = ReleaseSDK|x86
		{5920CFE3-10CE-4C49-90A6-CE59A8A62EEE}.ReleaseSDK|Win32.Build.0 = ReleaseSDK|x86
		{71AB340A-F36F-11E0-BCFB-1DED4724019B}.Debug|Win32.ActiveCfg = Debug|x86
		{71AB340A-F36F-11E0-BCFB-1DED4724019B}.Debug|Win32.Build.0 = Debug|x86
		{71AB340A-F36F-11E0-BCFB-1DED4724019B}.Release|Win32.ActiveCfg = Release|x86
		{71AB340A-F36F-11E0-BCFB-1DED4724019B}.Release|Win32.Build.0 = Release|x86
		{71AB340A-F36F-11E0-BCFB-1DED4724019B}.ReleaseSDK|Win32.ActiveCfg = Release|x86
		{26492A60-344C-46FA-85E4-D980A359F3C5}.Debug|Win32.ActiveCfg = Debug|Any CPU
		{26492A60-344C-46FA-85E4-D980A359F3C5}.Release|Win32.ActiveCfg = Release|Any CPU
		{26492A60-344C-46FA-85E4-D980A359F3C5}.ReleaseSDK|Win32.ActiveCfg = Release|Any CPU
	EndGlobalSection
	GlobalSection(SolutionProperties) = preSolution
		HideSolutionNode = FALSE
	EndGlobalSection
	GlobalSection(NestedProjects) = preSolution
		{9D104552-0123-4EB6-9DEA-845C0B95A4FA} = {4BF4ECB6-3641-4101-A217-DC0ADE512103}
		{ADBA7A08-3121-4F27-8893-6CD7093743B2} = {4BF4ECB6-3641-4101-A217-DC0ADE512103}
		{F6E7F86F-E69C-4F5B-BBCE-DD81D2A8E824} = {4BF4ECB6-3641-4101-A217-DC0ADE512103}
		{3EA8E61B-A309-4862-B4B1-7C67537C52A6} = {4BF4ECB6-3641-4101-A217-DC0ADE512103}
		{39540BF8-E6E3-4197-A129-2C849C40121A} = {4BF4ECB6-3641-4101-A217-DC0ADE512103}
		{CC40CE7F-892A-42F8-B289-52ACF2C73865} = {4BF4ECB6-3641-4101-A217-DC0ADE512103}
		{0328FCE0-B84B-4B43-842C-4415FBDDC651} = {191F80F8-8F14-4001-8FEF-1723E7B61098}
		{6BEB3135-C6D1-4BA0-9968-6FC9845DFBF0} = {191F80F8-8F14-4001-8FEF-1723E7B61098}
		{7C603F3B-3812-441C-8B1C-A406E15EC8E0} = {191F80F8-8F14-4001-8FEF-1723E7B61098}
		{600D2C39-1505-400A-BFB7-C052673BBCDF} = {191F80F8-8F14-4001-8FEF-1723E7B61098}
		{D845823F-C516-4DB6-86D3-1AD35717D33A} = {191F80F8-8F14-4001-8FEF-1723E7B61098}
		{885B34B0-68FD-4725-BC55-25C10991F962} = {191F80F8-8F14-4001-8FEF-1723E7B61098}
		{81AF4FA5-44F7-4010-8769-B85B8B542FA2} = {C24FB251-4A7D-452B-B3D9-5CB640B261B9}
		{CA9D6092-4365-4385-9700-9570A98EF09D} = {C24FB251-4A7D-452B-B3D9-5CB640B261B9}
		{14E9FED0-4989-482D-85DE-448161A6855E} = {C24FB251-4A7D-452B-B3D9-5CB640B261B9}
		{0B5E032B-E8DE-41EB-B66D-6DFD25F9F6E9} = {C24FB251-4A7D-452B-B3D9-5CB640B261B9}
		{5920CFE3-10CE-4C49-90A6-CE59A8A62EEE} = {C24FB251-4A7D-452B-B3D9-5CB640B261B9}
	EndGlobalSection
EndGlobal
